
Microsoft Visual Studio Solution File, Format Version 12.00
# Visual Studio Version 17
VisualStudioVersion = 17.7.34302.85
MinimumVisualStudioVersion = 10.0.40219.1
Project("{9A19103F-16F7-4668-BE54-9A1E7A4F7556}") = "AppTpp", "AppTpp\AppTpp.csproj", "{78F89D42-0DC0-440D-83D5-B6CA04DE3851}"
EndProject
Global
	GlobalSection(SolutionConfigurationPlatforms) = preSolution
		Debug|Any CPU = Debug|Any CPU
		Release|Any CPU = Release|Any CPU
	EndGlobalSection
	GlobalSection(ProjectConfigurationPlatforms) = postSolution
		{78F89D42-0DC0-440D-83D5-B6CA04DE3851}.Debug|Any CPU.ActiveCfg = Debug|Any CPU
		{78F89D42-0DC0-440D-83D5-B6CA04DE3851}.Debug|Any CPU.Build.0 = Debug|Any CPU
		{78F89D42-0DC0-440D-83D5-B6CA04DE3851}.Release|Any CPU.ActiveCfg = Release|Any CPU
		{78F89D42-0DC0-440D-83D5-B6CA04DE3851}.Release|Any CPU.Build.0 = Release|Any CPU
	EndGlobalSection
	GlobalSection(SolutionProperties) = preSolution
		HideSolutionNode = FALSE
	EndGlobalSection
	GlobalSection(ExtensibilityGlobals) = postSolution
		SolutionGuid = {79429E92-B214-466E-A980-2D21C60FAD5C}
	EndGlobalSection
EndGlobal
